
Microsoft Visual Studio Solution File, Format Version 12.00
# Visual Studio Version 16
VisualStudioVersion = 16.0.30114.105
MinimumVisualStudioVersion = 10.0.40219.1
Project("{FAE04EC0-301F-11D3-BF4B-00C04F79EFBC}") = "R5T.D0110.A001", "R5T.D0110.A001\R5T.D0110.A001.csproj", "{57064989-0AD6-40B8-B5A9-C3CC0AA41E66}"
EndProject
Project("{FAE04EC0-301F-11D3-BF4B-00C04F79EFBC}") = "R5T.D0110.Base", "R5T.D0110.Base\R5T.D0110.Base.csproj", "{83EF4343-3D6F-45AD-A35D-AFE0D1C6D023}"
EndProject
Project("{FAE04EC0-301F-11D3-BF4B-00C04F79EFBC}") = "R5T.D0110.Construction", "R5T.D0110.Construction\R5T.D0110.Construction.csproj", "{619B9BD3-59B5-4957-9674-0F54784E5C51}"
EndProject
Project("{FAE04EC0-301F-11D3-BF4B-00C04F79EFBC}") = "R5T.D0110.I001", "R5T.D0110.I001\R5T.D0110.I001.csproj", "{0DF281EA-27F8-4B3A-976A-29BE32D774DE}"
EndProject
Project("{FAE04EC0-301F-11D3-BF4B-00C04F79EFBC}") = "R5T.D0110.I002", "R5T.D0110.I002\R5T.D0110.I002.csproj", "{B5425CAA-61E0-4818-9D4F-5B063FE37FD3}"
EndProject
Global
	GlobalSection(SolutionConfigurationPlatforms) = preSolution
		Debug|Any CPU = Debug|Any CPU
		Debug|x64 = Debug|x64
		Debug|x86 = Debug|x86
		Release|Any CPU = Release|Any CPU
		Release|x64 = Release|x64
		Release|x86 = Release|x86
	EndGlobalSection
	GlobalSection(SolutionProperties) = preSolution
		HideSolutionNode = FALSE
	EndGlobalSection
	GlobalSection(ProjectConfigurationPlatforms) = postSolution
		{57064989-0AD6-40B8-B5A9-C3CC0AA41E66}.Debug|Any CPU.ActiveCfg = Debug|Any CPU
		{57064989-0AD6-40B8-B5A9-C3CC0AA41E66}.Debug|Any CPU.Build.0 = Debug|Any CPU
		{57064989-0AD6-40B8-B5A9-C3CC0AA41E66}.Debug|x64.ActiveCfg = Debug|Any CPU
		{57064989-0AD6-40B8-B5A9-C3CC0AA41E66}.Debug|x64.Build.0 = Debug|Any CPU
		{57064989-0AD6-40B8-B5A9-C3CC0AA41E66}.Debug|x86.ActiveCfg = Debug|Any CPU
		{57064989-0AD6-40B8-B5A9-C3CC0AA41E66}.Debug|x86.Build.0 = Debug|Any CPU
		{57064989-0AD6-40B8-B5A9-C3CC0AA41E66}.Release|Any CPU.ActiveCfg = Release|Any CPU
		{57064989-0AD6-40B8-B5A9-C3CC0AA41E66}.Release|Any CPU.Build.0 = Release|Any CPU
		{57064989-0AD6-40B8-B5A9-C3CC0AA41E66}.Release|x64.ActiveCfg = Release|Any CPU
		{57064989-0AD6-40B8-B5A9-C3CC0AA41E66}.Release|x64.Build.0 = Release|Any CPU
		{57064989-0AD6-40B8-B5A9-C3CC0AA41E66}.Release|x86.ActiveCfg = Release|Any CPU
		{57064989-0AD6-40B8-B5A9-C3CC0AA41E66}.Release|x86.Build.0 = Release|Any CPU
		{83EF4343-3D6F-45AD-A35D-AFE0D1C6D023}.Debug|Any CPU.ActiveCfg = Debug|Any CPU
		{83EF4343-3D6F-45AD-A35D-AFE0D1C6D023}.Debug|Any CPU.Build.0 = Debug|Any CPU
		{83EF4343-3D6F-45AD-A35D-AFE0D1C6D023}.Debug|x64.ActiveCfg = Debug|Any CPU
		{83EF4343-3D6F-45AD-A35D-AFE0D1C6D023}.Debug|x64.Build.0 = Debug|Any CPU
		{83EF4343-3D6F-45AD-A35D-AFE0D1C6D023}.Debug|x86.ActiveCfg = Debug|Any CPU
		{83EF4343-3D6F-45AD-A35D-AFE0D1C6D023}.Debug|x86.Build.0 = Debug|Any CPU
		{83EF4343-3D6F-45AD-A35D-AFE0D1C6D023}.Release|Any CPU.ActiveCfg = Release|Any CPU
		{83EF4343-3D6F-45AD-A35D-AFE0D1C6D023}.Release|Any CPU.Build.0 = Release|Any CPU
		{83EF4343-3D6F-45AD-A35D-AFE0D1C6D023}.Release|x64.ActiveCfg = Release|Any CPU
		{83EF4343-3D6F-45AD-A35D-AFE0D1C6D023}.Release|x64.Build.0 = Release|Any CPU
		{83EF4343-3D6F-45AD-A35D-AFE0D1C6D023}.Release|x86.ActiveCfg = Release|Any CPU
		{83EF4343-3D6F-45AD-A35D-AFE0D1C6D023}.Release|x86.Build.0 = Release|Any CPU
		{619B9BD3-59B5-4957-9674-0F54784E5C51}.Debug|Any CPU.ActiveCfg = Debug|Any CPU
		{619B9BD3-59B5-4957-9674-0F54784E5C51}.Debug|Any CPU.Build.0 = Debug|Any CPU
		{619B9BD3-59B5-4957-9674-0F54784E5C51}.Debug|x64.ActiveCfg = Debug|Any CPU
		{619B9BD3-59B5-4957-9674-0F54784E5C51}.Debug|x64.Build.0 = Debug|Any CPU
		{619B9BD3-59B5-4957-9674-0F54784E5C51}.Debug|x86.ActiveCfg = Debug|Any CPU
		{619B9BD3-59B5-4957-9674-0F54784E5C51}.Debug|x86.Build.0 = Debug|Any CPU
		{619B9BD3-59B5-4957-9674-0F54784E5C51}.Release|Any CPU.ActiveCfg = Release|Any CPU
		{619B9BD3-59B5-4957-9674-0F54784E5C51}.Release|Any CPU.Build.0 = Release|Any CPU
		{619B9BD3-59B5-4957-9674-0F54784E5C51}.Release|x64.ActiveCfg = Release|Any CPU
		{619B9BD3-59B5-4957-9674-0F54784E5C51}.Release|x64.Build.0 = Release|Any CPU
		{619B9BD3-59B5-4957-9674-0F54784E5C51}.Release|x86.ActiveCfg = Release|Any CPU
		{619B9BD3-59B5-4957-9674-0F54784E5C51}.Release|x86.Build.0 = Release|Any CPU
		{0DF281EA-27F8-4B3A-976A-29BE32D774DE}.Debug|Any CPU.ActiveCfg = Debug|Any CPU
		{0DF281EA-27F8-4B3A-976A-29BE32D774DE}.Debug|Any CPU.Build.0 = Debug|Any CPU
		{0DF281EA-27F8-4B3A-976A-29BE32D774DE}.Debug|x64.ActiveCfg = Debug|Any CPU
		{0DF281EA-27F8-4B3A-976A-29BE32D774DE}.Debug|x64.Build.0 = Debug|Any CPU
		{0DF281EA-27F8-4B3A-976A-29BE32D774DE}.Debug|x86.ActiveCfg = Debug|Any CPU
		{0DF281EA-27F8-4B3A-976A-29BE32D774DE}.Debug|x86.Build.0 = Debug|Any CPU
		{0DF281EA-27F8-4B3A-976A-29BE32D774DE}.Release|Any CPU.ActiveCfg = Release|Any CPU
		{0DF281EA-27F8-4B3A-976A-29BE32D774DE}.Release|Any CPU.Build.0 = Release|Any CPU
		{0DF281EA-27F8-4B3A-976A-29BE32D774DE}.Release|x64.ActiveCfg = Release|Any CPU
		{0DF281EA-27F8-4B3A-976A-29BE32D774DE}.Release|x64.Build.0 = Release|Any CPU
		{0DF281EA-27F8-4B3A-976A-29BE32D774DE}.Release|x86.ActiveCfg = Release|Any CPU
		{0DF281EA-27F8-4B3A-976A-29BE32D774DE}.Release|x86.Build.0 = Release|Any CPU
		{B5425CAA-61E0-4818-9D4F-5B063FE37FD3}.Debug|Any CPU.ActiveCfg = Debug|Any CPU
		{B5425CAA-61E0-4818-9D4F-5B063FE37FD3}.Debug|Any CPU.Build.0 = Debug|Any CPU
		{B5425CAA-61E0-4818-9D4F-5B063FE37FD3}.Debug|x64.ActiveCfg = Debug|Any CPU
		{B5425CAA-61E0-4818-9D4F-5B063FE37FD3}.Debug|x64.Build.0 = Debug|Any CPU
		{B5425CAA-61E0-4818-9D4F-5B063FE37FD3}.Debug|x86.ActiveCfg = Debug|Any CPU
		{B5425CAA-61E0-4818-9D4F-5B063FE37FD3}.Debug|x86.Build.0 = Debug|Any CPU
		{B5425CAA-61E0-4818-9D4F-5B063FE37FD3}.Release|Any CPU.ActiveCfg = Release|Any CPU
		{B5425CAA-61E0-4818-9D4F-5B063FE37FD3}.Release|Any CPU.Build.0 = Release|Any CPU
		{B5425CAA-61E0-4818-9D4F-5B063FE37FD3}.Release|x64.ActiveCfg = Release|Any CPU
		{B5425CAA-61E0-4818-9D4F-5B063FE37FD3}.Release|x64.Build.0 = Release|Any CPU
		{B5425CAA-61E0-4818-9D4F-5B063FE37FD3}.Release|x86.ActiveCfg = Release|Any CPU
		{B5425CAA-61E0-4818-9D4F-5B063FE37FD3}.Release|x86.Build.0 = Release|Any CPU
	EndGlobalSection
EndGlobal
