
Microsoft Visual Studio Solution File, Format Version 12.00
# Visual Studio Version 17
VisualStudioVersion = 17.2.32630.192
MinimumVisualStudioVersion = 10.0.40219.1
Project("{9A19103F-16F7-4668-BE54-9A1E7A4F7556}") = "R5T.D0110.A001", "R5T.D0110.A001\R5T.D0110.A001.csproj", "{15FD03DB-C53C-4325-A8A4-B6441383ACA6}"
EndProject
Project("{9A19103F-16F7-4668-BE54-9A1E7A4F7556}") = "R5T.D0110.I001", "R5T.D0110.I001\R5T.D0110.I001.csproj", "{1861A009-8C92-4436-AF57-94120E6A530A}"
EndProject
Project("{9A19103F-16F7-4668-BE54-9A1E7A4F7556}") = "R5T.D0110.Base", "R5T.D0110.Base\R5T.D0110.Base.csproj", "{48606805-C5C7-47F4-BCEE-CB8FC557CAC1}"
EndProject
Project("{2150E333-8FDC-42A3-9474-1A3956D46DE8}") = "_Dependencies", "_Dependencies", "{05760BD7-B6B4-43A6-B909-55A08D3B9D96}"
EndProject
Project("{9A19103F-16F7-4668-BE54-9A1E7A4F7556}") = "R5T.Dacia.Extensions", "..\..\R5T.Dacia.Extensions\source\R5T.Dacia.Extensions\R5T.Dacia.Extensions.csproj", "{0681BF52-C750-4545-AFFA-E02F6A7A329F}"
EndProject
Project("{9A19103F-16F7-4668-BE54-9A1E7A4F7556}") = "R5T.Dacia.T002", "..\..\R5T.Dacia\source\R5T.Dacia.T002\R5T.Dacia.T002.csproj", "{C78B031F-6B1F-4A50-ABCF-09362916C227}"
EndProject
Project("{9A19103F-16F7-4668-BE54-9A1E7A4F7556}") = "R5T.Dacia", "..\..\R5T.Dacia\source\R5T.Dacia\R5T.Dacia.csproj", "{AF5E3136-6F5A-4187-89DA-37EF2785CEA9}"
EndProject
Project("{9A19103F-16F7-4668-BE54-9A1E7A4F7556}") = "R5T.L0013", "..\..\R5T.L0013\source\R5T.L0013\R5T.L0013.csproj", "{55C9AC87-39BC-46C8-A517-ACB6D1C14506}"
EndProject
Project("{9A19103F-16F7-4668-BE54-9A1E7A4F7556}") = "R5T.T0039.T002", "..\..\R5T.T0039\source\R5T.T0039.T002\R5T.T0039.T002.csproj", "{68254B60-3D12-4879-8A6D-D136BBE55450}"
EndProject
Project("{9A19103F-16F7-4668-BE54-9A1E7A4F7556}") = "R5T.T0062.X001", "..\..\R5T.T0062\source\R5T.T0062.X001\R5T.T0062.X001.csproj", "{5FAFC5C3-5EC6-4C06-BCDD-F6B1D9763664}"
EndProject
Project("{9A19103F-16F7-4668-BE54-9A1E7A4F7556}") = "R5T.T0062", "..\..\R5T.T0062\source\R5T.T0062\R5T.T0062.csproj", "{7E09DB9F-24F1-40A7-B042-B38092AEF862}"
EndProject
Project("{9A19103F-16F7-4668-BE54-9A1E7A4F7556}") = "R5T.T0063", "..\..\R5T.T0063\source\R5T.T0063\R5T.T0063.csproj", "{40DD30F7-6433-4802-95FE-66393CD6E450}"
EndProject
Project("{9A19103F-16F7-4668-BE54-9A1E7A4F7556}") = "R5T.T0064", "..\..\R5T.T0064\source\R5T.T0064\R5T.T0064.csproj", "{FAE06A71-2F0F-43B4-8150-CCA74240D442}"
EndProject
Project("{9A19103F-16F7-4668-BE54-9A1E7A4F7556}") = "R5T.T0143", "..\..\R5T.T0143\source\R5T.T0143\R5T.T0143.csproj", "{C524738D-3746-4C5D-9E8C-295B4C350E7F}"
EndProject
Project("{9A19103F-16F7-4668-BE54-9A1E7A4F7556}") = "R5T.T0064.T001", "..\..\R5T.T0064\source\R5T.T0064.T001\R5T.T0064.T001.csproj", "{FFC188B6-D873-48AE-BA09-4459C0A214B3}"
EndProject
Global
	GlobalSection(SolutionConfigurationPlatforms) = preSolution
		Debug|Any CPU = Debug|Any CPU
		Debug|x64 = Debug|x64
		Debug|x86 = Debug|x86
		Release|Any CPU = Release|Any CPU
		Release|x64 = Release|x64
		Release|x86 = Release|x86
	EndGlobalSection
	GlobalSection(ProjectConfigurationPlatforms) = postSolution
		{15FD03DB-C53C-4325-A8A4-B6441383ACA6}.Debug|Any CPU.ActiveCfg = Debug|Any CPU
		{15FD03DB-C53C-4325-A8A4-B6441383ACA6}.Debug|Any CPU.Build.0 = Debug|Any CPU
		{15FD03DB-C53C-4325-A8A4-B6441383ACA6}.Debug|x64.ActiveCfg = Debug|Any CPU
		{15FD03DB-C53C-4325-A8A4-B6441383ACA6}.Debug|x64.Build.0 = Debug|Any CPU
		{15FD03DB-C53C-4325-A8A4-B6441383ACA6}.Debug|x86.ActiveCfg = Debug|Any CPU
		{15FD03DB-C53C-4325-A8A4-B6441383ACA6}.Debug|x86.Build.0 = Debug|Any CPU
		{15FD03DB-C53C-4325-A8A4-B6441383ACA6}.Release|Any CPU.ActiveCfg = Release|Any CPU
		{15FD03DB-C53C-4325-A8A4-B6441383ACA6}.Release|Any CPU.Build.0 = Release|Any CPU
		{15FD03DB-C53C-4325-A8A4-B6441383ACA6}.Release|x64.ActiveCfg = Release|Any CPU
		{15FD03DB-C53C-4325-A8A4-B6441383ACA6}.Release|x64.Build.0 = Release|Any CPU
		{15FD03DB-C53C-4325-A8A4-B6441383ACA6}.Release|x86.ActiveCfg = Release|Any CPU
		{15FD03DB-C53C-4325-A8A4-B6441383ACA6}.Release|x86.Build.0 = Release|Any CPU
		{1861A009-8C92-4436-AF57-94120E6A530A}.Debug|Any CPU.ActiveCfg = Debug|Any CPU
		{1861A009-8C92-4436-AF57-94120E6A530A}.Debug|Any CPU.Build.0 = Debug|Any CPU
		{1861A009-8C92-4436-AF57-94120E6A530A}.Debug|x64.ActiveCfg = Debug|Any CPU
		{1861A009-8C92-4436-AF57-94120E6A530A}.Debug|x64.Build.0 = Debug|Any CPU
		{1861A009-8C92-4436-AF57-94120E6A530A}.Debug|x86.ActiveCfg = Debug|Any CPU
		{1861A009-8C92-4436-AF57-94120E6A530A}.Debug|x86.Build.0 = Debug|Any CPU
		{1861A009-8C92-4436-AF57-94120E6A530A}.Release|Any CPU.ActiveCfg = Release|Any CPU
		{1861A009-8C92-4436-AF57-94120E6A530A}.Release|Any CPU.Build.0 = Release|Any CPU
		{1861A009-8C92-4436-AF57-94120E6A530A}.Release|x64.ActiveCfg = Release|Any CPU
		{1861A009-8C92-4436-AF57-94120E6A530A}.Release|x64.Build.0 = Release|Any CPU
		{1861A009-8C92-4436-AF57-94120E6A530A}.Release|x86.ActiveCfg = Release|Any CPU
		{1861A009-8C92-4436-AF57-94120E6A530A}.Release|x86.Build.0 = Release|Any CPU
		{48606805-C5C7-47F4-BCEE-CB8FC557CAC1}.Debug|Any CPU.ActiveCfg = Debug|Any CPU
		{48606805-C5C7-47F4-BCEE-CB8FC557CAC1}.Debug|Any CPU.Build.0 = Debug|Any CPU
		{48606805-C5C7-47F4-BCEE-CB8FC557CAC1}.Debug|x64.ActiveCfg = Debug|Any CPU
		{48606805-C5C7-47F4-BCEE-CB8FC557CAC1}.Debug|x64.Build.0 = Debug|Any CPU
		{48606805-C5C7-47F4-BCEE-CB8FC557CAC1}.Debug|x86.ActiveCfg = Debug|Any CPU
		{48606805-C5C7-47F4-BCEE-CB8FC557CAC1}.Debug|x86.Build.0 = Debug|Any CPU
		{48606805-C5C7-47F4-BCEE-CB8FC557CAC1}.Release|Any CPU.ActiveCfg = Release|Any CPU
		{48606805-C5C7-47F4-BCEE-CB8FC557CAC1}.Release|Any CPU.Build.0 = Release|Any CPU
		{48606805-C5C7-47F4-BCEE-CB8FC557CAC1}.Release|x64.ActiveCfg = Release|Any CPU
		{48606805-C5C7-47F4-BCEE-CB8FC557CAC1}.Release|x64.Build.0 = Release|Any CPU
		{48606805-C5C7-47F4-BCEE-CB8FC557CAC1}.Release|x86.ActiveCfg = Release|Any CPU
		{48606805-C5C7-47F4-BCEE-CB8FC557CAC1}.Release|x86.Build.0 = Release|Any CPU
		{0681BF52-C750-4545-AFFA-E02F6A7A329F}.Debug|Any CPU.ActiveCfg = Debug|Any CPU
		{0681BF52-C750-4545-AFFA-E02F6A7A329F}.Debug|Any CPU.Build.0 = Debug|Any CPU
		{0681BF52-C750-4545-AFFA-E02F6A7A329F}.Debug|x64.ActiveCfg = Debug|Any CPU
		{0681BF52-C750-4545-AFFA-E02F6A7A329F}.Debug|x64.Build.0 = Debug|Any CPU
		{0681BF52-C750-4545-AFFA-E02F6A7A329F}.Debug|x86.ActiveCfg = Debug|Any CPU
		{0681BF52-C750-4545-AFFA-E02F6A7A329F}.Debug|x86.Build.0 = Debug|Any CPU
		{0681BF52-C750-4545-AFFA-E02F6A7A329F}.Release|Any CPU.ActiveCfg = Release|Any CPU
		{0681BF52-C750-4545-AFFA-E02F6A7A329F}.Release|Any CPU.Build.0 = Release|Any CPU
		{0681BF52-C750-4545-AFFA-E02F6A7A329F}.Release|x64.ActiveCfg = Release|Any CPU
		{0681BF52-C750-4545-AFFA-E02F6A7A329F}.Release|x64.Build.0 = Release|Any CPU
		{0681BF52-C750-4545-AFFA-E02F6A7A329F}.Release|x86.ActiveCfg = Release|Any CPU
		{0681BF52-C750-4545-AFFA-E02F6A7A329F}.Release|x86.Build.0 = Release|Any CPU
		{C78B031F-6B1F-4A50-ABCF-09362916C227}.Debug|Any CPU.ActiveCfg = Debug|Any CPU
		{C78B031F-6B1F-4A50-ABCF-09362916C227}.Debug|Any CPU.Build.0 = Debug|Any CPU
		{C78B031F-6B1F-4A50-ABCF-09362916C227}.Debug|x64.ActiveCfg = Debug|Any CPU
		{C78B031F-6B1F-4A50-ABCF-09362916C227}.Debug|x64.Build.0 = Debug|Any CPU
		{C78B031F-6B1F-4A50-ABCF-09362916C227}.Debug|x86.ActiveCfg = Debug|Any CPU
		{C78B031F-6B1F-4A50-ABCF-09362916C227}.Debug|x86.Build.0 = Debug|Any CPU
		{C78B031F-6B1F-4A50-ABCF-09362916C227}.Release|Any CPU.ActiveCfg = Release|Any CPU
		{C78B031F-6B1F-4A50-ABCF-09362916C227}.Release|Any CPU.Build.0 = Release|Any CPU
		{C78B031F-6B1F-4A50-ABCF-09362916C227}.Release|x64.ActiveCfg = Release|Any CPU
		{C78B031F-6B1F-4A50-ABCF-09362916C227}.Release|x64.Build.0 = Release|Any CPU
		{C78B031F-6B1F-4A50-ABCF-09362916C227}.Release|x86.ActiveCfg = Release|Any CPU
		{C78B031F-6B1F-4A50-ABCF-09362916C227}.Release|x86.Build.0 = Release|Any CPU
		{AF5E3136-6F5A-4187-89DA-37EF2785CEA9}.Debug|Any CPU.ActiveCfg = Debug|Any CPU
		{AF5E3136-6F5A-4187-89DA-37EF2785CEA9}.Debug|Any CPU.Build.0 = Debug|Any CPU
		{AF5E3136-6F5A-4187-89DA-37EF2785CEA9}.Debug|x64.ActiveCfg = Debug|Any CPU
		{AF5E3136-6F5A-4187-89DA-37EF2785CEA9}.Debug|x64.Build.0 = Debug|Any CPU
		{AF5E3136-6F5A-4187-89DA-37EF2785CEA9}.Debug|x86.ActiveCfg = Debug|Any CPU
		{AF5E3136-6F5A-4187-89DA-37EF2785CEA9}.Debug|x86.Build.0 = Debug|Any CPU
		{AF5E3136-6F5A-4187-89DA-37EF2785CEA9}.Release|Any CPU.ActiveCfg = Release|Any CPU
		{AF5E3136-6F5A-4187-89DA-37EF2785CEA9}.Release|Any CPU.Build.0 = Release|Any CPU
		{AF5E3136-6F5A-4187-89DA-37EF2785CEA9}.Release|x64.ActiveCfg = Release|Any CPU
		{AF5E3136-6F5A-4187-89DA-37EF2785CEA9}.Release|x64.Build.0 = Release|Any CPU
		{AF5E3136-6F5A-4187-89DA-37EF2785CEA9}.Release|x86.ActiveCfg = Release|Any CPU
		{AF5E3136-6F5A-4187-89DA-37EF2785CEA9}.Release|x86.Build.0 = Release|Any CPU
		{55C9AC87-39BC-46C8-A517-ACB6D1C14506}.Debug|Any CPU.ActiveCfg = Debug|Any CPU
		{55C9AC87-39BC-46C8-A517-ACB6D1C14506}.Debug|Any CPU.Build.0 = Debug|Any CPU
		{55C9AC87-39BC-46C8-A517-ACB6D1C14506}.Debug|x64.ActiveCfg = Debug|Any CPU
		{55C9AC87-39BC-46C8-A517-ACB6D1C14506}.Debug|x64.Build.0 = Debug|Any CPU
		{55C9AC87-39BC-46C8-A517-ACB6D1C14506}.Debug|x86.ActiveCfg = Debug|Any CPU
		{55C9AC87-39BC-46C8-A517-ACB6D1C14506}.Debug|x86.Build.0 = Debug|Any CPU
		{55C9AC87-39BC-46C8-A517-ACB6D1C14506}.Release|Any CPU.ActiveCfg = Release|Any CPU
		{55C9AC87-39BC-46C8-A517-ACB6D1C14506}.Release|Any CPU.Build.0 = Release|Any CPU
		{55C9AC87-39BC-46C8-A517-ACB6D1C14506}.Release|x64.ActiveCfg = Release|Any CPU
		{55C9AC87-39BC-46C8-A517-ACB6D1C14506}.Release|x64.Build.0 = Release|Any CPU
		{55C9AC87-39BC-46C8-A517-ACB6D1C14506}.Release|x86.ActiveCfg = Release|Any CPU
		{55C9AC87-39BC-46C8-A517-ACB6D1C14506}.Release|x86.Build.0 = Release|Any CPU
		{68254B60-3D12-4879-8A6D-D136BBE55450}.Debug|Any CPU.ActiveCfg = Debug|Any CPU
		{68254B60-3D12-4879-8A6D-D136BBE55450}.Debug|Any CPU.Build.0 = Debug|Any CPU
		{68254B60-3D12-4879-8A6D-D136BBE55450}.Debug|x64.ActiveCfg = Debug|Any CPU
		{68254B60-3D12-4879-8A6D-D136BBE55450}.Debug|x64.Build.0 = Debug|Any CPU
		{68254B60-3D12-4879-8A6D-D136BBE55450}.Debug|x86.ActiveCfg = Debug|Any CPU
		{68254B60-3D12-4879-8A6D-D136BBE55450}.Debug|x86.Build.0 = Debug|Any CPU
		{68254B60-3D12-4879-8A6D-D136BBE55450}.Release|Any CPU.ActiveCfg = Release|Any CPU
		{68254B60-3D12-4879-8A6D-D136BBE55450}.Release|Any CPU.Build.0 = Release|Any CPU
		{68254B60-3D12-4879-8A6D-D136BBE55450}.Release|x64.ActiveCfg = Release|Any CPU
		{68254B60-3D12-4879-8A6D-D136BBE55450}.Release|x64.Build.0 = Release|Any CPU
		{68254B60-3D12-4879-8A6D-D136BBE55450}.Release|x86.ActiveCfg = Release|Any CPU
		{68254B60-3D12-4879-8A6D-D136BBE55450}.Release|x86.Build.0 = Release|Any CPU
		{5FAFC5C3-5EC6-4C06-BCDD-F6B1D9763664}.Debug|Any CPU.ActiveCfg = Debug|Any CPU
		{5FAFC5C3-5EC6-4C06-BCDD-F6B1D9763664}.Debug|Any CPU.Build.0 = Debug|Any CPU
		{5FAFC5C3-5EC6-4C06-BCDD-F6B1D9763664}.Debug|x64.ActiveCfg = Debug|Any CPU
		{5FAFC5C3-5EC6-4C06-BCDD-F6B1D9763664}.Debug|x64.Build.0 = Debug|Any CPU
		{5FAFC5C3-5EC6-4C06-BCDD-F6B1D9763664}.Debug|x86.ActiveCfg = Debug|Any CPU
		{5FAFC5C3-5EC6-4C06-BCDD-F6B1D9763664}.Debug|x86.Build.0 = Debug|Any CPU
		{5FAFC5C3-5EC6-4C06-BCDD-F6B1D9763664}.Release|Any CPU.ActiveCfg = Release|Any CPU
		{5FAFC5C3-5EC6-4C06-BCDD-F6B1D9763664}.Release|Any CPU.Build.0 = Release|Any CPU
		{5FAFC5C3-5EC6-4C06-BCDD-F6B1D9763664}.Release|x64.ActiveCfg = Release|Any CPU
		{5FAFC5C3-5EC6-4C06-BCDD-F6B1D9763664}.Release|x64.Build.0 = Release|Any CPU
		{5FAFC5C3-5EC6-4C06-BCDD-F6B1D9763664}.Release|x86.ActiveCfg = Release|Any CPU
		{5FAFC5C3-5EC6-4C06-BCDD-F6B1D9763664}.Release|x86.Build.0 = Release|Any CPU
		{7E09DB9F-24F1-40A7-B042-B38092AEF862}.Debug|Any CPU.ActiveCfg = Debug|Any CPU
		{7E09DB9F-24F1-40A7-B042-B38092AEF862}.Debug|Any CPU.Build.0 = Debug|Any CPU
		{7E09DB9F-24F1-40A7-B042-B38092AEF862}.Debug|x64.ActiveCfg = Debug|Any CPU
		{7E09DB9F-24F1-40A7-B042-B38092AEF862}.Debug|x64.Build.0 = Debug|Any CPU
		{7E09DB9F-24F1-40A7-B042-B38092AEF862}.Debug|x86.ActiveCfg = Debug|Any CPU
		{7E09DB9F-24F1-40A7-B042-B38092AEF862}.Debug|x86.Build.0 = Debug|Any CPU
		{7E09DB9F-24F1-40A7-B042-B38092AEF862}.Release|Any CPU.ActiveCfg = Release|Any CPU
		{7E09DB9F-24F1-40A7-B042-B38092AEF862}.Release|Any CPU.Build.0 = Release|Any CPU
		{7E09DB9F-24F1-40A7-B042-B38092AEF862}.Release|x64.ActiveCfg = Release|Any CPU
		{7E09DB9F-24F1-40A7-B042-B38092AEF862}.Release|x64.Build.0 = Release|Any CPU
		{7E09DB9F-24F1-40A7-B042-B38092AEF862}.Release|x86.ActiveCfg = Release|Any CPU
		{7E09DB9F-24F1-40A7-B042-B38092AEF862}.Release|x86.Build.0 = Release|Any CPU
		{40DD30F7-6433-4802-95FE-66393CD6E450}.Debug|Any CPU.ActiveCfg = Debug|Any CPU
		{40DD30F7-6433-4802-95FE-66393CD6E450}.Debug|Any CPU.Build.0 = Debug|Any CPU
		{40DD30F7-6433-4802-95FE-66393CD6E450}.Debug|x64.ActiveCfg = Debug|Any CPU
		{40DD30F7-6433-4802-95FE-66393CD6E450}.Debug|x64.Build.0 = Debug|Any CPU
		{40DD30F7-6433-4802-95FE-66393CD6E450}.Debug|x86.ActiveCfg = Debug|Any CPU
		{40DD30F7-6433-4802-95FE-66393CD6E450}.Debug|x86.Build.0 = Debug|Any CPU
		{40DD30F7-6433-4802-95FE-66393CD6E450}.Release|Any CPU.ActiveCfg = Release|Any CPU
		{40DD30F7-6433-4802-95FE-66393CD6E450}.Release|Any CPU.Build.0 = Release|Any CPU
		{40DD30F7-6433-4802-95FE-66393CD6E450}.Release|x64.ActiveCfg = Release|Any CPU
		{40DD30F7-6433-4802-95FE-66393CD6E450}.Release|x64.Build.0 = Release|Any CPU
		{40DD30F7-6433-4802-95FE-66393CD6E450}.Release|x86.ActiveCfg = Release|Any CPU
		{40DD30F7-6433-4802-95FE-66393CD6E450}.Release|x86.Build.0 = Release|Any CPU
		{FAE06A71-2F0F-43B4-8150-CCA74240D442}.Debug|Any CPU.ActiveCfg = Debug|Any CPU
		{FAE06A71-2F0F-43B4-8150-CCA74240D442}.Debug|Any CPU.Build.0 = Debug|Any CPU
		{FAE06A71-2F0F-43B4-8150-CCA74240D442}.Debug|x64.ActiveCfg = Debug|Any CPU
		{FAE06A71-2F0F-43B4-8150-CCA74240D442}.Debug|x64.Build.0 = Debug|Any CPU
		{FAE06A71-2F0F-43B4-8150-CCA74240D442}.Debug|x86.ActiveCfg = Debug|Any CPU
		{FAE06A71-2F0F-43B4-8150-CCA74240D442}.Debug|x86.Build.0 = Debug|Any CPU
		{FAE06A71-2F0F-43B4-8150-CCA74240D442}.Release|Any CPU.ActiveCfg = Release|Any CPU
		{FAE06A71-2F0F-43B4-8150-CCA74240D442}.Release|Any CPU.Build.0 = Release|Any CPU
		{FAE06A71-2F0F-43B4-8150-CCA74240D442}.Release|x64.ActiveCfg = Release|Any CPU
		{FAE06A71-2F0F-43B4-8150-CCA74240D442}.Release|x64.Build.0 = Release|Any CPU
		{FAE06A71-2F0F-43B4-8150-CCA74240D442}.Release|x86.ActiveCfg = Release|Any CPU
		{FAE06A71-2F0F-43B4-8150-CCA74240D442}.Release|x86.Build.0 = Release|Any CPU
		{C524738D-3746-4C5D-9E8C-295B4C350E7F}.Debug|Any CPU.ActiveCfg = Debug|Any CPU
		{C524738D-3746-4C5D-9E8C-295B4C350E7F}.Debug|Any CPU.Build.0 = Debug|Any CPU
		{C524738D-3746-4C5D-9E8C-295B4C350E7F}.Debug|x64.ActiveCfg = Debug|Any CPU
		{C524738D-3746-4C5D-9E8C-295B4C350E7F}.Debug|x64.Build.0 = Debug|Any CPU
		{C524738D-3746-4C5D-9E8C-295B4C350E7F}.Debug|x86.ActiveCfg = Debug|Any CPU
		{C524738D-3746-4C5D-9E8C-295B4C350E7F}.Debug|x86.Build.0 = Debug|Any CPU
		{C524738D-3746-4C5D-9E8C-295B4C350E7F}.Release|Any CPU.ActiveCfg = Release|Any CPU
		{C524738D-3746-4C5D-9E8C-295B4C350E7F}.Release|Any CPU.Build.0 = Release|Any CPU
		{C524738D-3746-4C5D-9E8C-295B4C350E7F}.Release|x64.ActiveCfg = Release|Any CPU
		{C524738D-3746-4C5D-9E8C-295B4C350E7F}.Release|x64.Build.0 = Release|Any CPU
		{C524738D-3746-4C5D-9E8C-295B4C350E7F}.Release|x86.ActiveCfg = Release|Any CPU
		{C524738D-3746-4C5D-9E8C-295B4C350E7F}.Release|x86.Build.0 = Release|Any CPU
		{FFC188B6-D873-48AE-BA09-4459C0A214B3}.Debug|Any CPU.ActiveCfg = Debug|Any CPU
		{FFC188B6-D873-48AE-BA09-4459C0A214B3}.Debug|Any CPU.Build.0 = Debug|Any CPU
		{FFC188B6-D873-48AE-BA09-4459C0A214B3}.Debug|x64.ActiveCfg = Debug|Any CPU
		{FFC188B6-D873-48AE-BA09-4459C0A214B3}.Debug|x64.Build.0 = Debug|Any CPU
		{FFC188B6-D873-48AE-BA09-4459C0A214B3}.Debug|x86.ActiveCfg = Debug|Any CPU
		{FFC188B6-D873-48AE-BA09-4459C0A214B3}.Debug|x86.Build.0 = Debug|Any CPU
		{FFC188B6-D873-48AE-BA09-4459C0A214B3}.Release|Any CPU.ActiveCfg = Release|Any CPU
		{FFC188B6-D873-48AE-BA09-4459C0A214B3}.Release|Any CPU.Build.0 = Release|Any CPU
		{FFC188B6-D873-48AE-BA09-4459C0A214B3}.Release|x64.ActiveCfg = Release|Any CPU
		{FFC188B6-D873-48AE-BA09-4459C0A214B3}.Release|x64.Build.0 = Release|Any CPU
		{FFC188B6-D873-48AE-BA09-4459C0A214B3}.Release|x86.ActiveCfg = Release|Any CPU
		{FFC188B6-D873-48AE-BA09-4459C0A214B3}.Release|x86.Build.0 = Release|Any CPU
	EndGlobalSection
	GlobalSection(SolutionProperties) = preSolution
		HideSolutionNode = FALSE
	EndGlobalSection
	GlobalSection(NestedProjects) = preSolution
		{0681BF52-C750-4545-AFFA-E02F6A7A329F} = {05760BD7-B6B4-43A6-B909-55A08D3B9D96}
		{C78B031F-6B1F-4A50-ABCF-09362916C227} = {05760BD7-B6B4-43A6-B909-55A08D3B9D96}
		{AF5E3136-6F5A-4187-89DA-37EF2785CEA9} = {05760BD7-B6B4-43A6-B909-55A08D3B9D96}
		{55C9AC87-39BC-46C8-A517-ACB6D1C14506} = {05760BD7-B6B4-43A6-B909-55A08D3B9D96}
		{68254B60-3D12-4879-8A6D-D136BBE55450} = {05760BD7-B6B4-43A6-B909-55A08D3B9D96}
		{5FAFC5C3-5EC6-4C06-BCDD-F6B1D9763664} = {05760BD7-B6B4-43A6-B909-55A08D3B9D96}
		{7E09DB9F-24F1-40A7-B042-B38092AEF862} = {05760BD7-B6B4-43A6-B909-55A08D3B9D96}
		{40DD30F7-6433-4802-95FE-66393CD6E450} = {05760BD7-B6B4-43A6-B909-55A08D3B9D96}
		{FAE06A71-2F0F-43B4-8150-CCA74240D442} = {05760BD7-B6B4-43A6-B909-55A08D3B9D96}
		{C524738D-3746-4C5D-9E8C-295B4C350E7F} = {05760BD7-B6B4-43A6-B909-55A08D3B9D96}
		{FFC188B6-D873-48AE-BA09-4459C0A214B3} = {05760BD7-B6B4-43A6-B909-55A08D3B9D96}
	EndGlobalSection
	GlobalSection(ExtensibilityGlobals) = postSolution
		SolutionGuid = {7B0C1AE5-30F6-4C48-A10D-A2B1C7686516}
	EndGlobalSection
EndGlobal
