
Microsoft Visual Studio Solution File, Format Version 12.00
# Visual Studio Version 16
VisualStudioVersion = 16.6.30114.105
MinimumVisualStudioVersion = 10.0.40219.1
Project("{9A19103F-16F7-4668-BE54-9A1E7A4F7556}") = "R5T.D0110.Base", "R5T.D0110.Base\R5T.D0110.Base.csproj", "{5B388917-B44B-4F0D-B51A-B742A6BC54A8}"
EndProject
Project("{2150E333-8FDC-42A3-9474-1A3956D46DE8}") = "_Dependencies", "_Dependencies", "{BCE11CE4-3704-4481-ADA8-2624E8B35592}"
EndProject
Project("{9A19103F-16F7-4668-BE54-9A1E7A4F7556}") = "R5T.T0064", "..\..\R5T.T0064\source\R5T.T0064\R5T.T0064.csproj", "{D86E0CE1-B03A-469E-B506-F27A17804D60}"
EndProject
Project("{9A19103F-16F7-4668-BE54-9A1E7A4F7556}") = "R5T.T0062.X001", "..\..\R5T.T0062\source\R5T.T0062.X001\R5T.T0062.X001.csproj", "{559544C9-3DC8-4323-94A2-2D8D21B03804}"
EndProject
Project("{9A19103F-16F7-4668-BE54-9A1E7A4F7556}") = "R5T.D0110.I002", "R5T.D0110.I002\R5T.D0110.I002.csproj", "{03890F02-5D27-4F9B-934D-58DB1497AA9E}"
EndProject
Project("{9A19103F-16F7-4668-BE54-9A1E7A4F7556}") = "R5T.D0048.Base", "..\..\R5T.D0048\source\R5T.D0048.Base\R5T.D0048.Base.csproj", "{37983BC3-C538-4F54-8D13-05D395F5AA69}"
EndProject
Global
	GlobalSection(SolutionConfigurationPlatforms) = preSolution
		Debug|Any CPU = Debug|Any CPU
		Debug|x64 = Debug|x64
		Debug|x86 = Debug|x86
		Release|Any CPU = Release|Any CPU
		Release|x64 = Release|x64
		Release|x86 = Release|x86
	EndGlobalSection
	GlobalSection(ProjectConfigurationPlatforms) = postSolution
		{5B388917-B44B-4F0D-B51A-B742A6BC54A8}.Debug|Any CPU.ActiveCfg = Debug|Any CPU
		{5B388917-B44B-4F0D-B51A-B742A6BC54A8}.Debug|Any CPU.Build.0 = Debug|Any CPU
		{5B388917-B44B-4F0D-B51A-B742A6BC54A8}.Debug|x64.ActiveCfg = Debug|Any CPU
		{5B388917-B44B-4F0D-B51A-B742A6BC54A8}.Debug|x64.Build.0 = Debug|Any CPU
		{5B388917-B44B-4F0D-B51A-B742A6BC54A8}.Debug|x86.ActiveCfg = Debug|Any CPU
		{5B388917-B44B-4F0D-B51A-B742A6BC54A8}.Debug|x86.Build.0 = Debug|Any CPU
		{5B388917-B44B-4F0D-B51A-B742A6BC54A8}.Release|Any CPU.ActiveCfg = Release|Any CPU
		{5B388917-B44B-4F0D-B51A-B742A6BC54A8}.Release|Any CPU.Build.0 = Release|Any CPU
		{5B388917-B44B-4F0D-B51A-B742A6BC54A8}.Release|x64.ActiveCfg = Release|Any CPU
		{5B388917-B44B-4F0D-B51A-B742A6BC54A8}.Release|x64.Build.0 = Release|Any CPU
		{5B388917-B44B-4F0D-B51A-B742A6BC54A8}.Release|x86.ActiveCfg = Release|Any CPU
		{5B388917-B44B-4F0D-B51A-B742A6BC54A8}.Release|x86.Build.0 = Release|Any CPU
		{D86E0CE1-B03A-469E-B506-F27A17804D60}.Debug|Any CPU.ActiveCfg = Debug|Any CPU
		{D86E0CE1-B03A-469E-B506-F27A17804D60}.Debug|Any CPU.Build.0 = Debug|Any CPU
		{D86E0CE1-B03A-469E-B506-F27A17804D60}.Debug|x64.ActiveCfg = Debug|Any CPU
		{D86E0CE1-B03A-469E-B506-F27A17804D60}.Debug|x64.Build.0 = Debug|Any CPU
		{D86E0CE1-B03A-469E-B506-F27A17804D60}.Debug|x86.ActiveCfg = Debug|Any CPU
		{D86E0CE1-B03A-469E-B506-F27A17804D60}.Debug|x86.Build.0 = Debug|Any CPU
		{D86E0CE1-B03A-469E-B506-F27A17804D60}.Release|Any CPU.ActiveCfg = Release|Any CPU
		{D86E0CE1-B03A-469E-B506-F27A17804D60}.Release|Any CPU.Build.0 = Release|Any CPU
		{D86E0CE1-B03A-469E-B506-F27A17804D60}.Release|x64.ActiveCfg = Release|Any CPU
		{D86E0CE1-B03A-469E-B506-F27A17804D60}.Release|x64.Build.0 = Release|Any CPU
		{D86E0CE1-B03A-469E-B506-F27A17804D60}.Release|x86.ActiveCfg = Release|Any CPU
		{D86E0CE1-B03A-469E-B506-F27A17804D60}.Release|x86.Build.0 = Release|Any CPU
		{559544C9-3DC8-4323-94A2-2D8D21B03804}.Debug|Any CPU.ActiveCfg = Debug|Any CPU
		{559544C9-3DC8-4323-94A2-2D8D21B03804}.Debug|Any CPU.Build.0 = Debug|Any CPU
		{559544C9-3DC8-4323-94A2-2D8D21B03804}.Debug|x64.ActiveCfg = Debug|Any CPU
		{559544C9-3DC8-4323-94A2-2D8D21B03804}.Debug|x64.Build.0 = Debug|Any CPU
		{559544C9-3DC8-4323-94A2-2D8D21B03804}.Debug|x86.ActiveCfg = Debug|Any CPU
		{559544C9-3DC8-4323-94A2-2D8D21B03804}.Debug|x86.Build.0 = Debug|Any CPU
		{559544C9-3DC8-4323-94A2-2D8D21B03804}.Release|Any CPU.ActiveCfg = Release|Any CPU
		{559544C9-3DC8-4323-94A2-2D8D21B03804}.Release|Any CPU.Build.0 = Release|Any CPU
		{559544C9-3DC8-4323-94A2-2D8D21B03804}.Release|x64.ActiveCfg = Release|Any CPU
		{559544C9-3DC8-4323-94A2-2D8D21B03804}.Release|x64.Build.0 = Release|Any CPU
		{559544C9-3DC8-4323-94A2-2D8D21B03804}.Release|x86.ActiveCfg = Release|Any CPU
		{559544C9-3DC8-4323-94A2-2D8D21B03804}.Release|x86.Build.0 = Release|Any CPU
		{03890F02-5D27-4F9B-934D-58DB1497AA9E}.Debug|Any CPU.ActiveCfg = Debug|Any CPU
		{03890F02-5D27-4F9B-934D-58DB1497AA9E}.Debug|Any CPU.Build.0 = Debug|Any CPU
		{03890F02-5D27-4F9B-934D-58DB1497AA9E}.Debug|x64.ActiveCfg = Debug|Any CPU
		{03890F02-5D27-4F9B-934D-58DB1497AA9E}.Debug|x64.Build.0 = Debug|Any CPU
		{03890F02-5D27-4F9B-934D-58DB1497AA9E}.Debug|x86.ActiveCfg = Debug|Any CPU
		{03890F02-5D27-4F9B-934D-58DB1497AA9E}.Debug|x86.Build.0 = Debug|Any CPU
		{03890F02-5D27-4F9B-934D-58DB1497AA9E}.Release|Any CPU.ActiveCfg = Release|Any CPU
		{03890F02-5D27-4F9B-934D-58DB1497AA9E}.Release|Any CPU.Build.0 = Release|Any CPU
		{03890F02-5D27-4F9B-934D-58DB1497AA9E}.Release|x64.ActiveCfg = Release|Any CPU
		{03890F02-5D27-4F9B-934D-58DB1497AA9E}.Release|x64.Build.0 = Release|Any CPU
		{03890F02-5D27-4F9B-934D-58DB1497AA9E}.Release|x86.ActiveCfg = Release|Any CPU
		{03890F02-5D27-4F9B-934D-58DB1497AA9E}.Release|x86.Build.0 = Release|Any CPU
		{37983BC3-C538-4F54-8D13-05D395F5AA69}.Debug|Any CPU.ActiveCfg = Debug|Any CPU
		{37983BC3-C538-4F54-8D13-05D395F5AA69}.Debug|Any CPU.Build.0 = Debug|Any CPU
		{37983BC3-C538-4F54-8D13-05D395F5AA69}.Debug|x64.ActiveCfg = Debug|Any CPU
		{37983BC3-C538-4F54-8D13-05D395F5AA69}.Debug|x64.Build.0 = Debug|Any CPU
		{37983BC3-C538-4F54-8D13-05D395F5AA69}.Debug|x86.ActiveCfg = Debug|Any CPU
		{37983BC3-C538-4F54-8D13-05D395F5AA69}.Debug|x86.Build.0 = Debug|Any CPU
		{37983BC3-C538-4F54-8D13-05D395F5AA69}.Release|Any CPU.ActiveCfg = Release|Any CPU
		{37983BC3-C538-4F54-8D13-05D395F5AA69}.Release|Any CPU.Build.0 = Release|Any CPU
		{37983BC3-C538-4F54-8D13-05D395F5AA69}.Release|x64.ActiveCfg = Release|Any CPU
		{37983BC3-C538-4F54-8D13-05D395F5AA69}.Release|x64.Build.0 = Release|Any CPU
		{37983BC3-C538-4F54-8D13-05D395F5AA69}.Release|x86.ActiveCfg = Release|Any CPU
		{37983BC3-C538-4F54-8D13-05D395F5AA69}.Release|x86.Build.0 = Release|Any CPU
	EndGlobalSection
	GlobalSection(SolutionProperties) = preSolution
		HideSolutionNode = FALSE
	EndGlobalSection
	GlobalSection(NestedProjects) = preSolution
		{D86E0CE1-B03A-469E-B506-F27A17804D60} = {BCE11CE4-3704-4481-ADA8-2624E8B35592}
		{559544C9-3DC8-4323-94A2-2D8D21B03804} = {BCE11CE4-3704-4481-ADA8-2624E8B35592}
		{37983BC3-C538-4F54-8D13-05D395F5AA69} = {BCE11CE4-3704-4481-ADA8-2624E8B35592}
	EndGlobalSection
	GlobalSection(ExtensibilityGlobals) = postSolution
		SolutionGuid = {5FF6E653-73D5-48B0-9BF0-031F5AFF91BB}
	EndGlobalSection
EndGlobal
