
Microsoft Visual Studio Solution File, Format Version 12.00
# Visual Studio Version 16
VisualStudioVersion = 16.6.30114.105
MinimumVisualStudioVersion = 10.0.40219.1
Project("{FAE04EC0-301F-11D3-BF4B-00C04F79EFBC}") = "R5T.D0110.Base", "R5T.D0110.Base\R5T.D0110.Base.csproj", "{5B388917-B44B-4F0D-B51A-B742A6BC54A8}"
EndProject
Project("{2150E333-8FDC-42A3-9474-1A3956D46DE8}") = "_Dependencies", "_Dependencies", "{BCE11CE4-3704-4481-ADA8-2624E8B35592}"
EndProject
Project("{FAE04EC0-301F-11D3-BF4B-00C04F79EFBC}") = "R5T.Dacia.T002", "..\..\R5T.Dacia\source\R5T.Dacia.T002\R5T.Dacia.T002.csproj", "{D581ACC0-DD34-4FDA-8B5C-EEC9BF52AFE6}"
EndProject
Project("{FAE04EC0-301F-11D3-BF4B-00C04F79EFBC}") = "R5T.D0110.I001", "R5T.D0110.I001\R5T.D0110.I001.csproj", "{933C34D5-6FE9-46A1-B70A-337947DE3D29}"
EndProject
Project("{FAE04EC0-301F-11D3-BF4B-00C04F79EFBC}") = "R5T.Dacia.Extensions", "..\..\R5T.Dacia.Extensions\source\R5T.Dacia.Extensions\R5T.Dacia.Extensions.csproj", "{466885C0-E452-41FE-90D9-810F09BD56ED}"
EndProject
Global
	GlobalSection(SolutionConfigurationPlatforms) = preSolution
		Debug|Any CPU = Debug|Any CPU
		Debug|x64 = Debug|x64
		Debug|x86 = Debug|x86
		Release|Any CPU = Release|Any CPU
		Release|x64 = Release|x64
		Release|x86 = Release|x86
	EndGlobalSection
	GlobalSection(SolutionProperties) = preSolution
		HideSolutionNode = FALSE
	EndGlobalSection
	GlobalSection(ProjectConfigurationPlatforms) = postSolution
		{5B388917-B44B-4F0D-B51A-B742A6BC54A8}.Debug|Any CPU.ActiveCfg = Debug|Any CPU
		{5B388917-B44B-4F0D-B51A-B742A6BC54A8}.Debug|Any CPU.Build.0 = Debug|Any CPU
		{5B388917-B44B-4F0D-B51A-B742A6BC54A8}.Debug|x64.ActiveCfg = Debug|Any CPU
		{5B388917-B44B-4F0D-B51A-B742A6BC54A8}.Debug|x64.Build.0 = Debug|Any CPU
		{5B388917-B44B-4F0D-B51A-B742A6BC54A8}.Debug|x86.ActiveCfg = Debug|Any CPU
		{5B388917-B44B-4F0D-B51A-B742A6BC54A8}.Debug|x86.Build.0 = Debug|Any CPU
		{5B388917-B44B-4F0D-B51A-B742A6BC54A8}.Release|Any CPU.ActiveCfg = Release|Any CPU
		{5B388917-B44B-4F0D-B51A-B742A6BC54A8}.Release|Any CPU.Build.0 = Release|Any CPU
		{5B388917-B44B-4F0D-B51A-B742A6BC54A8}.Release|x64.ActiveCfg = Release|Any CPU
		{5B388917-B44B-4F0D-B51A-B742A6BC54A8}.Release|x64.Build.0 = Release|Any CPU
		{5B388917-B44B-4F0D-B51A-B742A6BC54A8}.Release|x86.ActiveCfg = Release|Any CPU
		{5B388917-B44B-4F0D-B51A-B742A6BC54A8}.Release|x86.Build.0 = Release|Any CPU
		{D581ACC0-DD34-4FDA-8B5C-EEC9BF52AFE6}.Debug|Any CPU.ActiveCfg = Debug|Any CPU
		{D581ACC0-DD34-4FDA-8B5C-EEC9BF52AFE6}.Debug|Any CPU.Build.0 = Debug|Any CPU
		{D581ACC0-DD34-4FDA-8B5C-EEC9BF52AFE6}.Debug|x64.ActiveCfg = Debug|Any CPU
		{D581ACC0-DD34-4FDA-8B5C-EEC9BF52AFE6}.Debug|x64.Build.0 = Debug|Any CPU
		{D581ACC0-DD34-4FDA-8B5C-EEC9BF52AFE6}.Debug|x86.ActiveCfg = Debug|Any CPU
		{D581ACC0-DD34-4FDA-8B5C-EEC9BF52AFE6}.Debug|x86.Build.0 = Debug|Any CPU
		{D581ACC0-DD34-4FDA-8B5C-EEC9BF52AFE6}.Release|Any CPU.ActiveCfg = Release|Any CPU
		{D581ACC0-DD34-4FDA-8B5C-EEC9BF52AFE6}.Release|Any CPU.Build.0 = Release|Any CPU
		{D581ACC0-DD34-4FDA-8B5C-EEC9BF52AFE6}.Release|x64.ActiveCfg = Release|Any CPU
		{D581ACC0-DD34-4FDA-8B5C-EEC9BF52AFE6}.Release|x64.Build.0 = Release|Any CPU
		{D581ACC0-DD34-4FDA-8B5C-EEC9BF52AFE6}.Release|x86.ActiveCfg = Release|Any CPU
		{D581ACC0-DD34-4FDA-8B5C-EEC9BF52AFE6}.Release|x86.Build.0 = Release|Any CPU
		{933C34D5-6FE9-46A1-B70A-337947DE3D29}.Debug|Any CPU.ActiveCfg = Debug|Any CPU
		{933C34D5-6FE9-46A1-B70A-337947DE3D29}.Debug|Any CPU.Build.0 = Debug|Any CPU
		{933C34D5-6FE9-46A1-B70A-337947DE3D29}.Debug|x64.ActiveCfg = Debug|Any CPU
		{933C34D5-6FE9-46A1-B70A-337947DE3D29}.Debug|x64.Build.0 = Debug|Any CPU
		{933C34D5-6FE9-46A1-B70A-337947DE3D29}.Debug|x86.ActiveCfg = Debug|Any CPU
		{933C34D5-6FE9-46A1-B70A-337947DE3D29}.Debug|x86.Build.0 = Debug|Any CPU
		{933C34D5-6FE9-46A1-B70A-337947DE3D29}.Release|Any CPU.ActiveCfg = Release|Any CPU
		{933C34D5-6FE9-46A1-B70A-337947DE3D29}.Release|Any CPU.Build.0 = Release|Any CPU
		{933C34D5-6FE9-46A1-B70A-337947DE3D29}.Release|x64.ActiveCfg = Release|Any CPU
		{933C34D5-6FE9-46A1-B70A-337947DE3D29}.Release|x64.Build.0 = Release|Any CPU
		{933C34D5-6FE9-46A1-B70A-337947DE3D29}.Release|x86.ActiveCfg = Release|Any CPU
		{933C34D5-6FE9-46A1-B70A-337947DE3D29}.Release|x86.Build.0 = Release|Any CPU
		{466885C0-E452-41FE-90D9-810F09BD56ED}.Debug|Any CPU.ActiveCfg = Debug|Any CPU
		{466885C0-E452-41FE-90D9-810F09BD56ED}.Debug|Any CPU.Build.0 = Debug|Any CPU
		{466885C0-E452-41FE-90D9-810F09BD56ED}.Debug|x64.ActiveCfg = Debug|Any CPU
		{466885C0-E452-41FE-90D9-810F09BD56ED}.Debug|x64.Build.0 = Debug|Any CPU
		{466885C0-E452-41FE-90D9-810F09BD56ED}.Debug|x86.ActiveCfg = Debug|Any CPU
		{466885C0-E452-41FE-90D9-810F09BD56ED}.Debug|x86.Build.0 = Debug|Any CPU
		{466885C0-E452-41FE-90D9-810F09BD56ED}.Release|Any CPU.ActiveCfg = Release|Any CPU
		{466885C0-E452-41FE-90D9-810F09BD56ED}.Release|Any CPU.Build.0 = Release|Any CPU
		{466885C0-E452-41FE-90D9-810F09BD56ED}.Release|x64.ActiveCfg = Release|Any CPU
		{466885C0-E452-41FE-90D9-810F09BD56ED}.Release|x64.Build.0 = Release|Any CPU
		{466885C0-E452-41FE-90D9-810F09BD56ED}.Release|x86.ActiveCfg = Release|Any CPU
		{466885C0-E452-41FE-90D9-810F09BD56ED}.Release|x86.Build.0 = Release|Any CPU
	EndGlobalSection
	GlobalSection(NestedProjects) = preSolution
		{D581ACC0-DD34-4FDA-8B5C-EEC9BF52AFE6} = {BCE11CE4-3704-4481-ADA8-2624E8B35592}
		{466885C0-E452-41FE-90D9-810F09BD56ED} = {BCE11CE4-3704-4481-ADA8-2624E8B35592}
	EndGlobalSection
EndGlobal
